
Microsoft Visual Studio Solution File, Format Version 12.00
# Visual Studio Version 16
VisualStudioVersion = 16.0.31702.278
MinimumVisualStudioVersion = 10.0.40219.1
Project("{FAE04EC0-301F-11D3-BF4B-00C04F79EFBC}") = "18042022Task", "18042022Task\18042022Task.csproj", "{FFF417C7-C7AE-4D79-A4B1-0A15A448C592}"
EndProject
Global
	GlobalSection(SolutionConfigurationPlatforms) = preSolution
		Debug|Any CPU = Debug|Any CPU
		Release|Any CPU = Release|Any CPU
	EndGlobalSection
	GlobalSection(ProjectConfigurationPlatforms) = postSolution
		{FFF417C7-C7AE-4D79-A4B1-0A15A448C592}.Debug|Any CPU.ActiveCfg = Debug|Any CPU
		{FFF417C7-C7AE-4D79-A4B1-0A15A448C592}.Debug|Any CPU.Build.0 = Debug|Any CPU
		{FFF417C7-C7AE-4D79-A4B1-0A15A448C592}.Release|Any CPU.ActiveCfg = Release|Any CPU
		{FFF417C7-C7AE-4D79-A4B1-0A15A448C592}.Release|Any CPU.Build.0 = Release|Any CPU
	EndGlobalSection
	GlobalSection(SolutionProperties) = preSolution
		HideSolutionNode = FALSE
	EndGlobalSection
	GlobalSection(ExtensibilityGlobals) = postSolution
		SolutionGuid = {65758FCE-E7C5-4C60-A86C-E2FD70819148}
	EndGlobalSection
EndGlobal
